
Microsoft Visual Studio Solution File, Format Version 11.00
# Visual Studio 2010
Project("{FAE04EC0-301F-11D3-BF4B-00C04F79EFBC}") = "Assembly-CSharp", "Assembly-CSharp.csproj", "{27195C96-AD71-F383-E8FA-9CF27EC0AE5A}"
EndProject
Project("{FAE04EC0-301F-11D3-BF4B-00C04F79EFBC}") = "Assembly-CSharp-Editor", "Assembly-CSharp-Editor.csproj", "{FCA56823-3FF9-AFF5-3A9E-EC725466C661}"
EndProject
Global
	GlobalSection(SolutionConfigurationPlatforms) = preSolution
		Debug|Any CPU = Debug|Any CPU
		Release|Any CPU = Release|Any CPU
	EndGlobalSection
	GlobalSection(ProjectConfigurationPlatforms) = postSolution
		{27195C96-AD71-F383-E8FA-9CF27EC0AE5A}.Debug|Any CPU.ActiveCfg = Debug|Any CPU
		{27195C96-AD71-F383-E8FA-9CF27EC0AE5A}.Debug|Any CPU.Build.0 = Debug|Any CPU
		{27195C96-AD71-F383-E8FA-9CF27EC0AE5A}.Release|Any CPU.ActiveCfg = Release|Any CPU
		{27195C96-AD71-F383-E8FA-9CF27EC0AE5A}.Release|Any CPU.Build.0 = Release|Any CPU
		{FCA56823-3FF9-AFF5-3A9E-EC725466C661}.Debug|Any CPU.ActiveCfg = Debug|Any CPU
		{FCA56823-3FF9-AFF5-3A9E-EC725466C661}.Debug|Any CPU.Build.0 = Debug|Any CPU
		{FCA56823-3FF9-AFF5-3A9E-EC725466C661}.Release|Any CPU.ActiveCfg = Release|Any CPU
		{FCA56823-3FF9-AFF5-3A9E-EC725466C661}.Release|Any CPU.Build.0 = Release|Any CPU
	EndGlobalSection
	GlobalSection(SolutionProperties) = preSolution
		HideSolutionNode = FALSE
	EndGlobalSection
EndGlobal
